
Microsoft Visual Studio Solution File, Format Version 12.00
# Visual Studio 15
VisualStudioVersion = 15.0.28010.2036
MinimumVisualStudioVersion = 10.0.40219.1
Project("{FAE04EC0-301F-11D3-BF4B-00C04F79EFBC}") = "Microsoft.ML.Benchmarks", "Microsoft.ML.Benchmarks\Microsoft.ML.Benchmarks.csproj", "{19FD21DD-D71C-439A-86AC-398589223181}"
EndProject
Global
	GlobalSection(SolutionConfigurationPlatforms) = preSolution
		Debug|Any CPU = Debug|Any CPU
		Release|Any CPU = Release|Any CPU
	EndGlobalSection
	GlobalSection(ProjectConfigurationPlatforms) = postSolution
		{19FD21DD-D71C-439A-86AC-398589223181}.Debug|Any CPU.ActiveCfg = Debug|Any CPU
		{19FD21DD-D71C-439A-86AC-398589223181}.Debug|Any CPU.Build.0 = Debug|Any CPU
		{19FD21DD-D71C-439A-86AC-398589223181}.Release|Any CPU.ActiveCfg = Release|Any CPU
		{19FD21DD-D71C-439A-86AC-398589223181}.Release|Any CPU.Build.0 = Release|Any CPU
	EndGlobalSection
	GlobalSection(SolutionProperties) = preSolution
		HideSolutionNode = FALSE
	EndGlobalSection
	GlobalSection(ExtensibilityGlobals) = postSolution
		SolutionGuid = {3EB8F2B0-7051-46E8-8E17-4500F43EC5E2}
	EndGlobalSection
EndGlobal
