
Microsoft Visual Studio Solution File, Format Version 12.00
# Visual Studio 15
VisualStudioVersion = 15.0.26124.0
MinimumVisualStudioVersion = 15.0.26124.0
Project("{FAE04EC0-301F-11D3-BF4B-00C04F79EFBC}") = "System.Collections.Performance.Tests", "System.Collections\System.Collections.Performance.Tests.csproj", "{2AD030A7-8539-4F46-B4CE-A403F07F729C}"
EndProject
Project("{FAE04EC0-301F-11D3-BF4B-00C04F79EFBC}") = "System.Diagnostics.Process.Performance.Tests", "System.Diagnostics.Process\System.Diagnostics.Process.Performance.Tests.csproj", "{ABA9EE9E-9940-402F-A3F0-A483E2357776}"
EndProject
Project("{FAE04EC0-301F-11D3-BF4B-00C04F79EFBC}") = "System.IO.MemoryMappedFiles.Performance.Tests", "System.IO.MemoryMappedFiles\System.IO.MemoryMappedFiles.Performance.Tests.csproj", "{FA60B718-9CA9-4D19-BEAC-0E0518CEA73C}"
EndProject
Project("{FAE04EC0-301F-11D3-BF4B-00C04F79EFBC}") = "Common.Performance.Tests", "Common\Common.Performance.Tests.csproj", "{4E300CDF-2392-493D-964C-B7810C1017E3}"
EndProject
Project("{FAE04EC0-301F-11D3-BF4B-00C04F79EFBC}") = "System.Collections.Concurrent.Performance.Tests", "System.Collections.Concurrent\System.Collections.Concurrent.Performance.Tests.csproj", "{AA05B7B4-5AAE-40FB-9069-A21231C66178}"
EndProject
Project("{FAE04EC0-301F-11D3-BF4B-00C04F79EFBC}") = "System.Collections.NonGeneric.Performance.Tests", "System.Collections.NonGeneric\System.Collections.NonGeneric.Performance.Tests.csproj", "{EEEEE1D8-2AD5-4F61-BC6E-9789EDBE05DE}"
EndProject
Project("{FAE04EC0-301F-11D3-BF4B-00C04F79EFBC}") = "System.ComponentModel.TypeConverter.Performance.Tests", "System.ComponentModel.TypeConverter\System.ComponentModel.TypeConverter.Performance.Tests.csproj", "{6D22B398-E396-4834-A1A3-B720665D3BA8}"
EndProject
Project("{FAE04EC0-301F-11D3-BF4B-00C04F79EFBC}") = "System.Console.Performance.Tests", "System.Console\System.Console.Performance.Tests.csproj", "{C441C5BE-15CB-4E75-833B-A183064F2096}"
EndProject
Project("{FAE04EC0-301F-11D3-BF4B-00C04F79EFBC}") = "System.Globalization.Performance.Tests", "System.Globalization\System.Globalization.Performance.Tests.csproj", "{4E90ADB7-5BF0-4A37-ADC3-3F5D20E03D0B}"
EndProject
Project("{FAE04EC0-301F-11D3-BF4B-00C04F79EFBC}") = "System.IO.Compression.Performance.Tests", "System.IO.Compression\System.IO.Compression.Performance.Tests.csproj", "{4A39A386-C266-4B31-92E4-7FDE9C1329FC}"
EndProject
Project("{FAE04EC0-301F-11D3-BF4B-00C04F79EFBC}") = "System.IO.Compression.Brotli.Performance.Tests", "System.IO.Compression.Brotli\System.IO.Compression.Brotli.Performance.Tests.csproj", "{57C359BA-3200-422E-9F8F-E6FAA0FCECDD}"
EndProject
Project("{FAE04EC0-301F-11D3-BF4B-00C04F79EFBC}") = "System.IO.FileSystem.Performance.Tests", "System.IO.FileSystem\System.IO.FileSystem.Performance.Tests.csproj", "{B016A080-F70C-469B-94A1-AB396F329534}"
EndProject
Project("{FAE04EC0-301F-11D3-BF4B-00C04F79EFBC}") = "System.IO.Pipes.Performance.Tests", "System.IO.Pipes\System.IO.Pipes.Performance.Tests.csproj", "{DD22A7D9-71A4-46F5-A62A-965522A6ABCD}"
EndProject
Project("{FAE04EC0-301F-11D3-BF4B-00C04F79EFBC}") = "System.Linq.Performance.Tests", "System.Linq\System.Linq.Performance.Tests.csproj", "{558F698A-E8C1-4C93-AFE6-381FC4F42D4E}"
EndProject
Project("{FAE04EC0-301F-11D3-BF4B-00C04F79EFBC}") = "System.Memory.Performance.Tests", "System.Memory\System.Memory.Performance.Tests.csproj", "{80EB2291-ABA2-43BD-B335-11C0E27ECC52}"
EndProject
Project("{FAE04EC0-301F-11D3-BF4B-00C04F79EFBC}") = "System.Net.Http.Performance.Tests", "System.Net.Http\System.Net.Http.Performance.Tests.csproj", "{35664411-7C94-4690-85AE-855BAA8C14F7}"
EndProject
Project("{FAE04EC0-301F-11D3-BF4B-00C04F79EFBC}") = "System.Net.Primitives.Performance.Tests", "System.Net.Primitives\System.Net.Primitives.Performance.Tests.csproj", "{1817714E-5E94-4C57-B0FF-FB4AC76BD2F4}"
EndProject
Project("{FAE04EC0-301F-11D3-BF4B-00C04F79EFBC}") = "System.Net.Sockets.Performance.Tests", "System.Net.Sockets\System.Net.Sockets.Performance.Tests.csproj", "{752F70E1-D656-4AC2-B9F5-83FD823F5BE7}"
EndProject
Project("{FAE04EC0-301F-11D3-BF4B-00C04F79EFBC}") = "System.Numerics.Vectors.Performance.Tests", "System.Numerics.Vectors\System.Numerics.Vectors.Performance.Tests.csproj", "{0A775CEA-070F-48A8-A968-F636B15E39B7}"
EndProject
Project("{FAE04EC0-301F-11D3-BF4B-00C04F79EFBC}") = "System.Xml.XmlDocument.Performance.Tests", "System.Private.Xml\System.Xml.XmlDocument.Performance.Tests.csproj", "{799253C8-F9B3-48F9-886C-A0CBC58DE5F0}"
EndProject
Project("{FAE04EC0-301F-11D3-BF4B-00C04F79EFBC}") = "System.Runtime.Performance.Tests", "System.Runtime\System.Runtime.Performance.Tests.csproj", "{269E5EE7-D4B6-4CFB-8CA9-DF2F39F18F2A}"
EndProject
Project("{FAE04EC0-301F-11D3-BF4B-00C04F79EFBC}") = "System.Runtime.Extensions.Performance.Tests", "System.Runtime.Extensions\System.Runtime.Extensions.Performance.Tests.csproj", "{71D39065-54DF-4B9F-8BFB-4534136E954A}"
EndProject
Project("{FAE04EC0-301F-11D3-BF4B-00C04F79EFBC}") = "System.Runtime.Numerics.Performance.Tests", "System.Runtime.Numerics\System.Runtime.Numerics.Performance.Tests.csproj", "{CEB219AC-FEFA-4FE8-8C58-2EA7FFD3F0F8}"
EndProject
Project("{FAE04EC0-301F-11D3-BF4B-00C04F79EFBC}") = "System.Runtime.Serialization.Json.Performance.Tests", "System.Runtime.Serialization.Json\System.Runtime.Serialization.Json.Performance.Tests.csproj", "{8811CE44-0BAE-4352-B8B0-5DF18A548855}"
EndProject
Project("{FAE04EC0-301F-11D3-BF4B-00C04F79EFBC}") = "System.Runtime.Serialization.Xml.Performance.Tests", "System.Runtime.Serialization.Xml\System.Runtime.Serialization.Xml.Performance.Tests.csproj", "{CBCFDF94-D25A-45CA-816F-8EB100DD789D}"
EndProject
Project("{FAE04EC0-301F-11D3-BF4B-00C04F79EFBC}") = "System.Security.Cryptography.Primitives.Performance.Tests", "System.Security.Cryptography.Primitives\System.Security.Cryptography.Primitives.Performance.Tests.csproj", "{B84A3525-F731-4DE6-9BA5-64BD8173E7BE}"
EndProject
Project("{FAE04EC0-301F-11D3-BF4B-00C04F79EFBC}") = "System.Text.Encoding.Performance.Tests", "System.Text.Encoding\System.Text.Encoding.Performance.Tests.csproj", "{459FD50C-18B0-4987-A6E8-2A36DA6E9E4C}"
EndProject
Project("{FAE04EC0-301F-11D3-BF4B-00C04F79EFBC}") = "System.Text.RegularExpressions.Performance.Tests", "System.Text.RegularExpressions\System.Text.RegularExpressions.Performance.Tests.csproj", "{CB8CEC67-75C9-4993-9997-DD187012620D}"
EndProject
Project("{FAE04EC0-301F-11D3-BF4B-00C04F79EFBC}") = "System.Threading.Performance.Tests", "System.Threading\System.Threading.Performance.Tests.csproj", "{C338AFFD-6F65-4C65-B69D-6235560EF69F}"
EndProject
Project("{FAE04EC0-301F-11D3-BF4B-00C04F79EFBC}") = "System.Threading.Channels.Performance.Tests", "System.Threading.Channels\System.Threading.Channels.Performance.Tests.csproj", "{672B6701-AD11-4B27-B816-D03ACCCD46E3}"
EndProject
Project("{FAE04EC0-301F-11D3-BF4B-00C04F79EFBC}") = "System.Threading.Tasks.Extensions.Performance.Tests", "System.Threading.Tasks.Extensions\System.Threading.Tasks.Extensions.Performance.Tests.csproj", "{A2C1E9B6-9E98-4689-ACD2-108BC85DE712}"
EndProject
Global
	GlobalSection(SolutionConfigurationPlatforms) = preSolution
		Debug|Any CPU = Debug|Any CPU
		Debug|x64 = Debug|x64
		Debug|x86 = Debug|x86
		Release|Any CPU = Release|Any CPU
		Release|x64 = Release|x64
		Release|x86 = Release|x86
	EndGlobalSection
	GlobalSection(SolutionProperties) = preSolution
		HideSolutionNode = FALSE
	EndGlobalSection
	GlobalSection(ProjectConfigurationPlatforms) = postSolution
		{2AD030A7-8539-4F46-B4CE-A403F07F729C}.Debug|Any CPU.ActiveCfg = Debug|Any CPU
		{2AD030A7-8539-4F46-B4CE-A403F07F729C}.Debug|Any CPU.Build.0 = Debug|Any CPU
		{2AD030A7-8539-4F46-B4CE-A403F07F729C}.Debug|x64.ActiveCfg = Debug|Any CPU
		{2AD030A7-8539-4F46-B4CE-A403F07F729C}.Debug|x64.Build.0 = Debug|Any CPU
		{2AD030A7-8539-4F46-B4CE-A403F07F729C}.Debug|x86.ActiveCfg = Debug|Any CPU
		{2AD030A7-8539-4F46-B4CE-A403F07F729C}.Debug|x86.Build.0 = Debug|Any CPU
		{2AD030A7-8539-4F46-B4CE-A403F07F729C}.Release|Any CPU.ActiveCfg = Release|Any CPU
		{2AD030A7-8539-4F46-B4CE-A403F07F729C}.Release|Any CPU.Build.0 = Release|Any CPU
		{2AD030A7-8539-4F46-B4CE-A403F07F729C}.Release|x64.ActiveCfg = Release|Any CPU
		{2AD030A7-8539-4F46-B4CE-A403F07F729C}.Release|x64.Build.0 = Release|Any CPU
		{2AD030A7-8539-4F46-B4CE-A403F07F729C}.Release|x86.ActiveCfg = Release|Any CPU
		{2AD030A7-8539-4F46-B4CE-A403F07F729C}.Release|x86.Build.0 = Release|Any CPU
		{ABA9EE9E-9940-402F-A3F0-A483E2357776}.Debug|Any CPU.ActiveCfg = Debug|Any CPU
		{ABA9EE9E-9940-402F-A3F0-A483E2357776}.Debug|Any CPU.Build.0 = Debug|Any CPU
		{ABA9EE9E-9940-402F-A3F0-A483E2357776}.Debug|x64.ActiveCfg = Debug|Any CPU
		{ABA9EE9E-9940-402F-A3F0-A483E2357776}.Debug|x64.Build.0 = Debug|Any CPU
		{ABA9EE9E-9940-402F-A3F0-A483E2357776}.Debug|x86.ActiveCfg = Debug|Any CPU
		{ABA9EE9E-9940-402F-A3F0-A483E2357776}.Debug|x86.Build.0 = Debug|Any CPU
		{ABA9EE9E-9940-402F-A3F0-A483E2357776}.Release|Any CPU.ActiveCfg = Release|Any CPU
		{ABA9EE9E-9940-402F-A3F0-A483E2357776}.Release|Any CPU.Build.0 = Release|Any CPU
		{ABA9EE9E-9940-402F-A3F0-A483E2357776}.Release|x64.ActiveCfg = Release|Any CPU
		{ABA9EE9E-9940-402F-A3F0-A483E2357776}.Release|x64.Build.0 = Release|Any CPU
		{ABA9EE9E-9940-402F-A3F0-A483E2357776}.Release|x86.ActiveCfg = Release|Any CPU
		{ABA9EE9E-9940-402F-A3F0-A483E2357776}.Release|x86.Build.0 = Release|Any CPU
		{FA60B718-9CA9-4D19-BEAC-0E0518CEA73C}.Debug|Any CPU.ActiveCfg = Debug|Any CPU
		{FA60B718-9CA9-4D19-BEAC-0E0518CEA73C}.Debug|Any CPU.Build.0 = Debug|Any CPU
		{FA60B718-9CA9-4D19-BEAC-0E0518CEA73C}.Debug|x64.ActiveCfg = Debug|Any CPU
		{FA60B718-9CA9-4D19-BEAC-0E0518CEA73C}.Debug|x64.Build.0 = Debug|Any CPU
		{FA60B718-9CA9-4D19-BEAC-0E0518CEA73C}.Debug|x86.ActiveCfg = Debug|Any CPU
		{FA60B718-9CA9-4D19-BEAC-0E0518CEA73C}.Debug|x86.Build.0 = Debug|Any CPU
		{FA60B718-9CA9-4D19-BEAC-0E0518CEA73C}.Release|Any CPU.ActiveCfg = Release|Any CPU
		{FA60B718-9CA9-4D19-BEAC-0E0518CEA73C}.Release|Any CPU.Build.0 = Release|Any CPU
		{FA60B718-9CA9-4D19-BEAC-0E0518CEA73C}.Release|x64.ActiveCfg = Release|Any CPU
		{FA60B718-9CA9-4D19-BEAC-0E0518CEA73C}.Release|x64.Build.0 = Release|Any CPU
		{FA60B718-9CA9-4D19-BEAC-0E0518CEA73C}.Release|x86.ActiveCfg = Release|Any CPU
		{FA60B718-9CA9-4D19-BEAC-0E0518CEA73C}.Release|x86.Build.0 = Release|Any CPU
		{4E300CDF-2392-493D-964C-B7810C1017E3}.Debug|Any CPU.ActiveCfg = Debug|Any CPU
		{4E300CDF-2392-493D-964C-B7810C1017E3}.Debug|Any CPU.Build.0 = Debug|Any CPU
		{4E300CDF-2392-493D-964C-B7810C1017E3}.Debug|x64.ActiveCfg = Debug|Any CPU
		{4E300CDF-2392-493D-964C-B7810C1017E3}.Debug|x64.Build.0 = Debug|Any CPU
		{4E300CDF-2392-493D-964C-B7810C1017E3}.Debug|x86.ActiveCfg = Debug|Any CPU
		{4E300CDF-2392-493D-964C-B7810C1017E3}.Debug|x86.Build.0 = Debug|Any CPU
		{4E300CDF-2392-493D-964C-B7810C1017E3}.Release|Any CPU.ActiveCfg = Release|Any CPU
		{4E300CDF-2392-493D-964C-B7810C1017E3}.Release|Any CPU.Build.0 = Release|Any CPU
		{4E300CDF-2392-493D-964C-B7810C1017E3}.Release|x64.ActiveCfg = Release|Any CPU
		{4E300CDF-2392-493D-964C-B7810C1017E3}.Release|x64.Build.0 = Release|Any CPU
		{4E300CDF-2392-493D-964C-B7810C1017E3}.Release|x86.ActiveCfg = Release|Any CPU
		{4E300CDF-2392-493D-964C-B7810C1017E3}.Release|x86.Build.0 = Release|Any CPU
		{AA05B7B4-5AAE-40FB-9069-A21231C66178}.Debug|Any CPU.ActiveCfg = Debug|Any CPU
		{AA05B7B4-5AAE-40FB-9069-A21231C66178}.Debug|Any CPU.Build.0 = Debug|Any CPU
		{AA05B7B4-5AAE-40FB-9069-A21231C66178}.Debug|x64.ActiveCfg = Debug|Any CPU
		{AA05B7B4-5AAE-40FB-9069-A21231C66178}.Debug|x64.Build.0 = Debug|Any CPU
		{AA05B7B4-5AAE-40FB-9069-A21231C66178}.Debug|x86.ActiveCfg = Debug|Any CPU
		{AA05B7B4-5AAE-40FB-9069-A21231C66178}.Debug|x86.Build.0 = Debug|Any CPU
		{AA05B7B4-5AAE-40FB-9069-A21231C66178}.Release|Any CPU.ActiveCfg = Release|Any CPU
		{AA05B7B4-5AAE-40FB-9069-A21231C66178}.Release|Any CPU.Build.0 = Release|Any CPU
		{AA05B7B4-5AAE-40FB-9069-A21231C66178}.Release|x64.ActiveCfg = Release|Any CPU
		{AA05B7B4-5AAE-40FB-9069-A21231C66178}.Release|x64.Build.0 = Release|Any CPU
		{AA05B7B4-5AAE-40FB-9069-A21231C66178}.Release|x86.ActiveCfg = Release|Any CPU
		{AA05B7B4-5AAE-40FB-9069-A21231C66178}.Release|x86.Build.0 = Release|Any CPU
		{EEEEE1D8-2AD5-4F61-BC6E-9789EDBE05DE}.Debug|Any CPU.ActiveCfg = Debug|Any CPU
		{EEEEE1D8-2AD5-4F61-BC6E-9789EDBE05DE}.Debug|Any CPU.Build.0 = Debug|Any CPU
		{EEEEE1D8-2AD5-4F61-BC6E-9789EDBE05DE}.Debug|x64.ActiveCfg = Debug|Any CPU
		{EEEEE1D8-2AD5-4F61-BC6E-9789EDBE05DE}.Debug|x64.Build.0 = Debug|Any CPU
		{EEEEE1D8-2AD5-4F61-BC6E-9789EDBE05DE}.Debug|x86.ActiveCfg = Debug|Any CPU
		{EEEEE1D8-2AD5-4F61-BC6E-9789EDBE05DE}.Debug|x86.Build.0 = Debug|Any CPU
		{EEEEE1D8-2AD5-4F61-BC6E-9789EDBE05DE}.Release|Any CPU.ActiveCfg = Release|Any CPU
		{EEEEE1D8-2AD5-4F61-BC6E-9789EDBE05DE}.Release|Any CPU.Build.0 = Release|Any CPU
		{EEEEE1D8-2AD5-4F61-BC6E-9789EDBE05DE}.Release|x64.ActiveCfg = Release|Any CPU
		{EEEEE1D8-2AD5-4F61-BC6E-9789EDBE05DE}.Release|x64.Build.0 = Release|Any CPU
		{EEEEE1D8-2AD5-4F61-BC6E-9789EDBE05DE}.Release|x86.ActiveCfg = Release|Any CPU
		{EEEEE1D8-2AD5-4F61-BC6E-9789EDBE05DE}.Release|x86.Build.0 = Release|Any CPU
		{6D22B398-E396-4834-A1A3-B720665D3BA8}.Debug|Any CPU.ActiveCfg = Debug|Any CPU
		{6D22B398-E396-4834-A1A3-B720665D3BA8}.Debug|Any CPU.Build.0 = Debug|Any CPU
		{6D22B398-E396-4834-A1A3-B720665D3BA8}.Debug|x64.ActiveCfg = Debug|Any CPU
		{6D22B398-E396-4834-A1A3-B720665D3BA8}.Debug|x64.Build.0 = Debug|Any CPU
		{6D22B398-E396-4834-A1A3-B720665D3BA8}.Debug|x86.ActiveCfg = Debug|Any CPU
		{6D22B398-E396-4834-A1A3-B720665D3BA8}.Debug|x86.Build.0 = Debug|Any CPU
		{6D22B398-E396-4834-A1A3-B720665D3BA8}.Release|Any CPU.ActiveCfg = Release|Any CPU
		{6D22B398-E396-4834-A1A3-B720665D3BA8}.Release|Any CPU.Build.0 = Release|Any CPU
		{6D22B398-E396-4834-A1A3-B720665D3BA8}.Release|x64.ActiveCfg = Release|Any CPU
		{6D22B398-E396-4834-A1A3-B720665D3BA8}.Release|x64.Build.0 = Release|Any CPU
		{6D22B398-E396-4834-A1A3-B720665D3BA8}.Release|x86.ActiveCfg = Release|Any CPU
		{6D22B398-E396-4834-A1A3-B720665D3BA8}.Release|x86.Build.0 = Release|Any CPU
		{C441C5BE-15CB-4E75-833B-A183064F2096}.Debug|Any CPU.ActiveCfg = Debug|Any CPU
		{C441C5BE-15CB-4E75-833B-A183064F2096}.Debug|Any CPU.Build.0 = Debug|Any CPU
		{C441C5BE-15CB-4E75-833B-A183064F2096}.Debug|x64.ActiveCfg = Debug|Any CPU
		{C441C5BE-15CB-4E75-833B-A183064F2096}.Debug|x64.Build.0 = Debug|Any CPU
		{C441C5BE-15CB-4E75-833B-A183064F2096}.Debug|x86.ActiveCfg = Debug|Any CPU
		{C441C5BE-15CB-4E75-833B-A183064F2096}.Debug|x86.Build.0 = Debug|Any CPU
		{C441C5BE-15CB-4E75-833B-A183064F2096}.Release|Any CPU.ActiveCfg = Release|Any CPU
		{C441C5BE-15CB-4E75-833B-A183064F2096}.Release|Any CPU.Build.0 = Release|Any CPU
		{C441C5BE-15CB-4E75-833B-A183064F2096}.Release|x64.ActiveCfg = Release|Any CPU
		{C441C5BE-15CB-4E75-833B-A183064F2096}.Release|x64.Build.0 = Release|Any CPU
		{C441C5BE-15CB-4E75-833B-A183064F2096}.Release|x86.ActiveCfg = Release|Any CPU
		{C441C5BE-15CB-4E75-833B-A183064F2096}.Release|x86.Build.0 = Release|Any CPU
		{4E90ADB7-5BF0-4A37-ADC3-3F5D20E03D0B}.Debug|Any CPU.ActiveCfg = Debug|Any CPU
		{4E90ADB7-5BF0-4A37-ADC3-3F5D20E03D0B}.Debug|Any CPU.Build.0 = Debug|Any CPU
		{4E90ADB7-5BF0-4A37-ADC3-3F5D20E03D0B}.Debug|x64.ActiveCfg = Debug|Any CPU
		{4E90ADB7-5BF0-4A37-ADC3-3F5D20E03D0B}.Debug|x64.Build.0 = Debug|Any CPU
		{4E90ADB7-5BF0-4A37-ADC3-3F5D20E03D0B}.Debug|x86.ActiveCfg = Debug|Any CPU
		{4E90ADB7-5BF0-4A37-ADC3-3F5D20E03D0B}.Debug|x86.Build.0 = Debug|Any CPU
		{4E90ADB7-5BF0-4A37-ADC3-3F5D20E03D0B}.Release|Any CPU.ActiveCfg = Release|Any CPU
		{4E90ADB7-5BF0-4A37-ADC3-3F5D20E03D0B}.Release|Any CPU.Build.0 = Release|Any CPU
		{4E90ADB7-5BF0-4A37-ADC3-3F5D20E03D0B}.Release|x64.ActiveCfg = Release|Any CPU
		{4E90ADB7-5BF0-4A37-ADC3-3F5D20E03D0B}.Release|x64.Build.0 = Release|Any CPU
		{4E90ADB7-5BF0-4A37-ADC3-3F5D20E03D0B}.Release|x86.ActiveCfg = Release|Any CPU
		{4E90ADB7-5BF0-4A37-ADC3-3F5D20E03D0B}.Release|x86.Build.0 = Release|Any CPU
		{4A39A386-C266-4B31-92E4-7FDE9C1329FC}.Debug|Any CPU.ActiveCfg = Debug|Any CPU
		{4A39A386-C266-4B31-92E4-7FDE9C1329FC}.Debug|Any CPU.Build.0 = Debug|Any CPU
		{4A39A386-C266-4B31-92E4-7FDE9C1329FC}.Debug|x64.ActiveCfg = Debug|Any CPU
		{4A39A386-C266-4B31-92E4-7FDE9C1329FC}.Debug|x64.Build.0 = Debug|Any CPU
		{4A39A386-C266-4B31-92E4-7FDE9C1329FC}.Debug|x86.ActiveCfg = Debug|Any CPU
		{4A39A386-C266-4B31-92E4-7FDE9C1329FC}.Debug|x86.Build.0 = Debug|Any CPU
		{4A39A386-C266-4B31-92E4-7FDE9C1329FC}.Release|Any CPU.ActiveCfg = Release|Any CPU
		{4A39A386-C266-4B31-92E4-7FDE9C1329FC}.Release|Any CPU.Build.0 = Release|Any CPU
		{4A39A386-C266-4B31-92E4-7FDE9C1329FC}.Release|x64.ActiveCfg = Release|Any CPU
		{4A39A386-C266-4B31-92E4-7FDE9C1329FC}.Release|x64.Build.0 = Release|Any CPU
		{4A39A386-C266-4B31-92E4-7FDE9C1329FC}.Release|x86.ActiveCfg = Release|Any CPU
		{4A39A386-C266-4B31-92E4-7FDE9C1329FC}.Release|x86.Build.0 = Release|Any CPU
		{57C359BA-3200-422E-9F8F-E6FAA0FCECDD}.Debug|Any CPU.ActiveCfg = Debug|Any CPU
		{57C359BA-3200-422E-9F8F-E6FAA0FCECDD}.Debug|Any CPU.Build.0 = Debug|Any CPU
		{57C359BA-3200-422E-9F8F-E6FAA0FCECDD}.Debug|x64.ActiveCfg = Debug|Any CPU
		{57C359BA-3200-422E-9F8F-E6FAA0FCECDD}.Debug|x64.Build.0 = Debug|Any CPU
		{57C359BA-3200-422E-9F8F-E6FAA0FCECDD}.Debug|x86.ActiveCfg = Debug|Any CPU
		{57C359BA-3200-422E-9F8F-E6FAA0FCECDD}.Debug|x86.Build.0 = Debug|Any CPU
		{57C359BA-3200-422E-9F8F-E6FAA0FCECDD}.Release|Any CPU.ActiveCfg = Release|Any CPU
		{57C359BA-3200-422E-9F8F-E6FAA0FCECDD}.Release|Any CPU.Build.0 = Release|Any CPU
		{57C359BA-3200-422E-9F8F-E6FAA0FCECDD}.Release|x64.ActiveCfg = Release|Any CPU
		{57C359BA-3200-422E-9F8F-E6FAA0FCECDD}.Release|x64.Build.0 = Release|Any CPU
		{57C359BA-3200-422E-9F8F-E6FAA0FCECDD}.Release|x86.ActiveCfg = Release|Any CPU
		{57C359BA-3200-422E-9F8F-E6FAA0FCECDD}.Release|x86.Build.0 = Release|Any CPU
		{B016A080-F70C-469B-94A1-AB396F329534}.Debug|Any CPU.ActiveCfg = Debug|Any CPU
		{B016A080-F70C-469B-94A1-AB396F329534}.Debug|Any CPU.Build.0 = Debug|Any CPU
		{B016A080-F70C-469B-94A1-AB396F329534}.Debug|x64.ActiveCfg = Debug|Any CPU
		{B016A080-F70C-469B-94A1-AB396F329534}.Debug|x64.Build.0 = Debug|Any CPU
		{B016A080-F70C-469B-94A1-AB396F329534}.Debug|x86.ActiveCfg = Debug|Any CPU
		{B016A080-F70C-469B-94A1-AB396F329534}.Debug|x86.Build.0 = Debug|Any CPU
		{B016A080-F70C-469B-94A1-AB396F329534}.Release|Any CPU.ActiveCfg = Release|Any CPU
		{B016A080-F70C-469B-94A1-AB396F329534}.Release|Any CPU.Build.0 = Release|Any CPU
		{B016A080-F70C-469B-94A1-AB396F329534}.Release|x64.ActiveCfg = Release|Any CPU
		{B016A080-F70C-469B-94A1-AB396F329534}.Release|x64.Build.0 = Release|Any CPU
		{B016A080-F70C-469B-94A1-AB396F329534}.Release|x86.ActiveCfg = Release|Any CPU
		{B016A080-F70C-469B-94A1-AB396F329534}.Release|x86.Build.0 = Release|Any CPU
		{DD22A7D9-71A4-46F5-A62A-965522A6ABCD}.Debug|Any CPU.ActiveCfg = Debug|Any CPU
		{DD22A7D9-71A4-46F5-A62A-965522A6ABCD}.Debug|Any CPU.Build.0 = Debug|Any CPU
		{DD22A7D9-71A4-46F5-A62A-965522A6ABCD}.Debug|x64.ActiveCfg = Debug|Any CPU
		{DD22A7D9-71A4-46F5-A62A-965522A6ABCD}.Debug|x64.Build.0 = Debug|Any CPU
		{DD22A7D9-71A4-46F5-A62A-965522A6ABCD}.Debug|x86.ActiveCfg = Debug|Any CPU
		{DD22A7D9-71A4-46F5-A62A-965522A6ABCD}.Debug|x86.Build.0 = Debug|Any CPU
		{DD22A7D9-71A4-46F5-A62A-965522A6ABCD}.Release|Any CPU.ActiveCfg = Release|Any CPU
		{DD22A7D9-71A4-46F5-A62A-965522A6ABCD}.Release|Any CPU.Build.0 = Release|Any CPU
		{DD22A7D9-71A4-46F5-A62A-965522A6ABCD}.Release|x64.ActiveCfg = Release|Any CPU
		{DD22A7D9-71A4-46F5-A62A-965522A6ABCD}.Release|x64.Build.0 = Release|Any CPU
		{DD22A7D9-71A4-46F5-A62A-965522A6ABCD}.Release|x86.ActiveCfg = Release|Any CPU
		{DD22A7D9-71A4-46F5-A62A-965522A6ABCD}.Release|x86.Build.0 = Release|Any CPU
		{558F698A-E8C1-4C93-AFE6-381FC4F42D4E}.Debug|Any CPU.ActiveCfg = Debug|Any CPU
		{558F698A-E8C1-4C93-AFE6-381FC4F42D4E}.Debug|Any CPU.Build.0 = Debug|Any CPU
		{558F698A-E8C1-4C93-AFE6-381FC4F42D4E}.Debug|x64.ActiveCfg = Debug|Any CPU
		{558F698A-E8C1-4C93-AFE6-381FC4F42D4E}.Debug|x64.Build.0 = Debug|Any CPU
		{558F698A-E8C1-4C93-AFE6-381FC4F42D4E}.Debug|x86.ActiveCfg = Debug|Any CPU
		{558F698A-E8C1-4C93-AFE6-381FC4F42D4E}.Debug|x86.Build.0 = Debug|Any CPU
		{558F698A-E8C1-4C93-AFE6-381FC4F42D4E}.Release|Any CPU.ActiveCfg = Release|Any CPU
		{558F698A-E8C1-4C93-AFE6-381FC4F42D4E}.Release|Any CPU.Build.0 = Release|Any CPU
		{558F698A-E8C1-4C93-AFE6-381FC4F42D4E}.Release|x64.ActiveCfg = Release|Any CPU
		{558F698A-E8C1-4C93-AFE6-381FC4F42D4E}.Release|x64.Build.0 = Release|Any CPU
		{558F698A-E8C1-4C93-AFE6-381FC4F42D4E}.Release|x86.ActiveCfg = Release|Any CPU
		{558F698A-E8C1-4C93-AFE6-381FC4F42D4E}.Release|x86.Build.0 = Release|Any CPU
		{80EB2291-ABA2-43BD-B335-11C0E27ECC52}.Debug|Any CPU.ActiveCfg = Debug|Any CPU
		{80EB2291-ABA2-43BD-B335-11C0E27ECC52}.Debug|Any CPU.Build.0 = Debug|Any CPU
		{80EB2291-ABA2-43BD-B335-11C0E27ECC52}.Debug|x64.ActiveCfg = Debug|Any CPU
		{80EB2291-ABA2-43BD-B335-11C0E27ECC52}.Debug|x64.Build.0 = Debug|Any CPU
		{80EB2291-ABA2-43BD-B335-11C0E27ECC52}.Debug|x86.ActiveCfg = Debug|Any CPU
		{80EB2291-ABA2-43BD-B335-11C0E27ECC52}.Debug|x86.Build.0 = Debug|Any CPU
		{80EB2291-ABA2-43BD-B335-11C0E27ECC52}.Release|Any CPU.ActiveCfg = Release|Any CPU
		{80EB2291-ABA2-43BD-B335-11C0E27ECC52}.Release|Any CPU.Build.0 = Release|Any CPU
		{80EB2291-ABA2-43BD-B335-11C0E27ECC52}.Release|x64.ActiveCfg = Release|Any CPU
		{80EB2291-ABA2-43BD-B335-11C0E27ECC52}.Release|x64.Build.0 = Release|Any CPU
		{80EB2291-ABA2-43BD-B335-11C0E27ECC52}.Release|x86.ActiveCfg = Release|Any CPU
		{80EB2291-ABA2-43BD-B335-11C0E27ECC52}.Release|x86.Build.0 = Release|Any CPU
		{35664411-7C94-4690-85AE-855BAA8C14F7}.Debug|Any CPU.ActiveCfg = Debug|Any CPU
		{35664411-7C94-4690-85AE-855BAA8C14F7}.Debug|Any CPU.Build.0 = Debug|Any CPU
		{35664411-7C94-4690-85AE-855BAA8C14F7}.Debug|x64.ActiveCfg = Debug|Any CPU
		{35664411-7C94-4690-85AE-855BAA8C14F7}.Debug|x64.Build.0 = Debug|Any CPU
		{35664411-7C94-4690-85AE-855BAA8C14F7}.Debug|x86.ActiveCfg = Debug|Any CPU
		{35664411-7C94-4690-85AE-855BAA8C14F7}.Debug|x86.Build.0 = Debug|Any CPU
		{35664411-7C94-4690-85AE-855BAA8C14F7}.Release|Any CPU.ActiveCfg = Release|Any CPU
		{35664411-7C94-4690-85AE-855BAA8C14F7}.Release|Any CPU.Build.0 = Release|Any CPU
		{35664411-7C94-4690-85AE-855BAA8C14F7}.Release|x64.ActiveCfg = Release|Any CPU
		{35664411-7C94-4690-85AE-855BAA8C14F7}.Release|x64.Build.0 = Release|Any CPU
		{35664411-7C94-4690-85AE-855BAA8C14F7}.Release|x86.ActiveCfg = Release|Any CPU
		{35664411-7C94-4690-85AE-855BAA8C14F7}.Release|x86.Build.0 = Release|Any CPU
		{1817714E-5E94-4C57-B0FF-FB4AC76BD2F4}.Debug|Any CPU.ActiveCfg = Debug|Any CPU
		{1817714E-5E94-4C57-B0FF-FB4AC76BD2F4}.Debug|Any CPU.Build.0 = Debug|Any CPU
		{1817714E-5E94-4C57-B0FF-FB4AC76BD2F4}.Debug|x64.ActiveCfg = Debug|Any CPU
		{1817714E-5E94-4C57-B0FF-FB4AC76BD2F4}.Debug|x64.Build.0 = Debug|Any CPU
		{1817714E-5E94-4C57-B0FF-FB4AC76BD2F4}.Debug|x86.ActiveCfg = Debug|Any CPU
		{1817714E-5E94-4C57-B0FF-FB4AC76BD2F4}.Debug|x86.Build.0 = Debug|Any CPU
		{1817714E-5E94-4C57-B0FF-FB4AC76BD2F4}.Release|Any CPU.ActiveCfg = Release|Any CPU
		{1817714E-5E94-4C57-B0FF-FB4AC76BD2F4}.Release|Any CPU.Build.0 = Release|Any CPU
		{1817714E-5E94-4C57-B0FF-FB4AC76BD2F4}.Release|x64.ActiveCfg = Release|Any CPU
		{1817714E-5E94-4C57-B0FF-FB4AC76BD2F4}.Release|x64.Build.0 = Release|Any CPU
		{1817714E-5E94-4C57-B0FF-FB4AC76BD2F4}.Release|x86.ActiveCfg = Release|Any CPU
		{1817714E-5E94-4C57-B0FF-FB4AC76BD2F4}.Release|x86.Build.0 = Release|Any CPU
		{752F70E1-D656-4AC2-B9F5-83FD823F5BE7}.Debug|Any CPU.ActiveCfg = Debug|Any CPU
		{752F70E1-D656-4AC2-B9F5-83FD823F5BE7}.Debug|Any CPU.Build.0 = Debug|Any CPU
		{752F70E1-D656-4AC2-B9F5-83FD823F5BE7}.Debug|x64.ActiveCfg = Debug|Any CPU
		{752F70E1-D656-4AC2-B9F5-83FD823F5BE7}.Debug|x64.Build.0 = Debug|Any CPU
		{752F70E1-D656-4AC2-B9F5-83FD823F5BE7}.Debug|x86.ActiveCfg = Debug|Any CPU
		{752F70E1-D656-4AC2-B9F5-83FD823F5BE7}.Debug|x86.Build.0 = Debug|Any CPU
		{752F70E1-D656-4AC2-B9F5-83FD823F5BE7}.Release|Any CPU.ActiveCfg = Release|Any CPU
		{752F70E1-D656-4AC2-B9F5-83FD823F5BE7}.Release|Any CPU.Build.0 = Release|Any CPU
		{752F70E1-D656-4AC2-B9F5-83FD823F5BE7}.Release|x64.ActiveCfg = Release|Any CPU
		{752F70E1-D656-4AC2-B9F5-83FD823F5BE7}.Release|x64.Build.0 = Release|Any CPU
		{752F70E1-D656-4AC2-B9F5-83FD823F5BE7}.Release|x86.ActiveCfg = Release|Any CPU
		{752F70E1-D656-4AC2-B9F5-83FD823F5BE7}.Release|x86.Build.0 = Release|Any CPU
		{0A775CEA-070F-48A8-A968-F636B15E39B7}.Debug|Any CPU.ActiveCfg = Debug|Any CPU
		{0A775CEA-070F-48A8-A968-F636B15E39B7}.Debug|Any CPU.Build.0 = Debug|Any CPU
		{0A775CEA-070F-48A8-A968-F636B15E39B7}.Debug|x64.ActiveCfg = Debug|Any CPU
		{0A775CEA-070F-48A8-A968-F636B15E39B7}.Debug|x64.Build.0 = Debug|Any CPU
		{0A775CEA-070F-48A8-A968-F636B15E39B7}.Debug|x86.ActiveCfg = Debug|Any CPU
		{0A775CEA-070F-48A8-A968-F636B15E39B7}.Debug|x86.Build.0 = Debug|Any CPU
		{0A775CEA-070F-48A8-A968-F636B15E39B7}.Release|Any CPU.ActiveCfg = Release|Any CPU
		{0A775CEA-070F-48A8-A968-F636B15E39B7}.Release|Any CPU.Build.0 = Release|Any CPU
		{0A775CEA-070F-48A8-A968-F636B15E39B7}.Release|x64.ActiveCfg = Release|Any CPU
		{0A775CEA-070F-48A8-A968-F636B15E39B7}.Release|x64.Build.0 = Release|Any CPU
		{0A775CEA-070F-48A8-A968-F636B15E39B7}.Release|x86.ActiveCfg = Release|Any CPU
		{0A775CEA-070F-48A8-A968-F636B15E39B7}.Release|x86.Build.0 = Release|Any CPU
		{799253C8-F9B3-48F9-886C-A0CBC58DE5F0}.Debug|Any CPU.ActiveCfg = Debug|Any CPU
		{799253C8-F9B3-48F9-886C-A0CBC58DE5F0}.Debug|Any CPU.Build.0 = Debug|Any CPU
		{799253C8-F9B3-48F9-886C-A0CBC58DE5F0}.Debug|x64.ActiveCfg = Debug|Any CPU
		{799253C8-F9B3-48F9-886C-A0CBC58DE5F0}.Debug|x64.Build.0 = Debug|Any CPU
		{799253C8-F9B3-48F9-886C-A0CBC58DE5F0}.Debug|x86.ActiveCfg = Debug|Any CPU
		{799253C8-F9B3-48F9-886C-A0CBC58DE5F0}.Debug|x86.Build.0 = Debug|Any CPU
		{799253C8-F9B3-48F9-886C-A0CBC58DE5F0}.Release|Any CPU.ActiveCfg = Release|Any CPU
		{799253C8-F9B3-48F9-886C-A0CBC58DE5F0}.Release|Any CPU.Build.0 = Release|Any CPU
		{799253C8-F9B3-48F9-886C-A0CBC58DE5F0}.Release|x64.ActiveCfg = Release|Any CPU
		{799253C8-F9B3-48F9-886C-A0CBC58DE5F0}.Release|x64.Build.0 = Release|Any CPU
		{799253C8-F9B3-48F9-886C-A0CBC58DE5F0}.Release|x86.ActiveCfg = Release|Any CPU
		{799253C8-F9B3-48F9-886C-A0CBC58DE5F0}.Release|x86.Build.0 = Release|Any CPU
		{269E5EE7-D4B6-4CFB-8CA9-DF2F39F18F2A}.Debug|Any CPU.ActiveCfg = Debug|Any CPU
		{269E5EE7-D4B6-4CFB-8CA9-DF2F39F18F2A}.Debug|Any CPU.Build.0 = Debug|Any CPU
		{269E5EE7-D4B6-4CFB-8CA9-DF2F39F18F2A}.Debug|x64.ActiveCfg = Debug|Any CPU
		{269E5EE7-D4B6-4CFB-8CA9-DF2F39F18F2A}.Debug|x64.Build.0 = Debug|Any CPU
		{269E5EE7-D4B6-4CFB-8CA9-DF2F39F18F2A}.Debug|x86.ActiveCfg = Debug|Any CPU
		{269E5EE7-D4B6-4CFB-8CA9-DF2F39F18F2A}.Debug|x86.Build.0 = Debug|Any CPU
		{269E5EE7-D4B6-4CFB-8CA9-DF2F39F18F2A}.Release|Any CPU.ActiveCfg = Release|Any CPU
		{269E5EE7-D4B6-4CFB-8CA9-DF2F39F18F2A}.Release|Any CPU.Build.0 = Release|Any CPU
		{269E5EE7-D4B6-4CFB-8CA9-DF2F39F18F2A}.Release|x64.ActiveCfg = Release|Any CPU
		{269E5EE7-D4B6-4CFB-8CA9-DF2F39F18F2A}.Release|x64.Build.0 = Release|Any CPU
		{269E5EE7-D4B6-4CFB-8CA9-DF2F39F18F2A}.Release|x86.ActiveCfg = Release|Any CPU
		{269E5EE7-D4B6-4CFB-8CA9-DF2F39F18F2A}.Release|x86.Build.0 = Release|Any CPU
		{71D39065-54DF-4B9F-8BFB-4534136E954A}.Debug|Any CPU.ActiveCfg = Debug|Any CPU
		{71D39065-54DF-4B9F-8BFB-4534136E954A}.Debug|Any CPU.Build.0 = Debug|Any CPU
		{71D39065-54DF-4B9F-8BFB-4534136E954A}.Debug|x64.ActiveCfg = Debug|Any CPU
		{71D39065-54DF-4B9F-8BFB-4534136E954A}.Debug|x64.Build.0 = Debug|Any CPU
		{71D39065-54DF-4B9F-8BFB-4534136E954A}.Debug|x86.ActiveCfg = Debug|Any CPU
		{71D39065-54DF-4B9F-8BFB-4534136E954A}.Debug|x86.Build.0 = Debug|Any CPU
		{71D39065-54DF-4B9F-8BFB-4534136E954A}.Release|Any CPU.ActiveCfg = Release|Any CPU
		{71D39065-54DF-4B9F-8BFB-4534136E954A}.Release|Any CPU.Build.0 = Release|Any CPU
		{71D39065-54DF-4B9F-8BFB-4534136E954A}.Release|x64.ActiveCfg = Release|Any CPU
		{71D39065-54DF-4B9F-8BFB-4534136E954A}.Release|x64.Build.0 = Release|Any CPU
		{71D39065-54DF-4B9F-8BFB-4534136E954A}.Release|x86.ActiveCfg = Release|Any CPU
		{71D39065-54DF-4B9F-8BFB-4534136E954A}.Release|x86.Build.0 = Release|Any CPU
		{CEB219AC-FEFA-4FE8-8C58-2EA7FFD3F0F8}.Debug|Any CPU.ActiveCfg = Debug|Any CPU
		{CEB219AC-FEFA-4FE8-8C58-2EA7FFD3F0F8}.Debug|Any CPU.Build.0 = Debug|Any CPU
		{CEB219AC-FEFA-4FE8-8C58-2EA7FFD3F0F8}.Debug|x64.ActiveCfg = Debug|Any CPU
		{CEB219AC-FEFA-4FE8-8C58-2EA7FFD3F0F8}.Debug|x64.Build.0 = Debug|Any CPU
		{CEB219AC-FEFA-4FE8-8C58-2EA7FFD3F0F8}.Debug|x86.ActiveCfg = Debug|Any CPU
		{CEB219AC-FEFA-4FE8-8C58-2EA7FFD3F0F8}.Debug|x86.Build.0 = Debug|Any CPU
		{CEB219AC-FEFA-4FE8-8C58-2EA7FFD3F0F8}.Release|Any CPU.ActiveCfg = Release|Any CPU
		{CEB219AC-FEFA-4FE8-8C58-2EA7FFD3F0F8}.Release|Any CPU.Build.0 = Release|Any CPU
		{CEB219AC-FEFA-4FE8-8C58-2EA7FFD3F0F8}.Release|x64.ActiveCfg = Release|Any CPU
		{CEB219AC-FEFA-4FE8-8C58-2EA7FFD3F0F8}.Release|x64.Build.0 = Release|Any CPU
		{CEB219AC-FEFA-4FE8-8C58-2EA7FFD3F0F8}.Release|x86.ActiveCfg = Release|Any CPU
		{CEB219AC-FEFA-4FE8-8C58-2EA7FFD3F0F8}.Release|x86.Build.0 = Release|Any CPU
		{8811CE44-0BAE-4352-B8B0-5DF18A548855}.Debug|Any CPU.ActiveCfg = Debug|Any CPU
		{8811CE44-0BAE-4352-B8B0-5DF18A548855}.Debug|Any CPU.Build.0 = Debug|Any CPU
		{8811CE44-0BAE-4352-B8B0-5DF18A548855}.Debug|x64.ActiveCfg = Debug|Any CPU
		{8811CE44-0BAE-4352-B8B0-5DF18A548855}.Debug|x64.Build.0 = Debug|Any CPU
		{8811CE44-0BAE-4352-B8B0-5DF18A548855}.Debug|x86.ActiveCfg = Debug|Any CPU
		{8811CE44-0BAE-4352-B8B0-5DF18A548855}.Debug|x86.Build.0 = Debug|Any CPU
		{8811CE44-0BAE-4352-B8B0-5DF18A548855}.Release|Any CPU.ActiveCfg = Release|Any CPU
		{8811CE44-0BAE-4352-B8B0-5DF18A548855}.Release|Any CPU.Build.0 = Release|Any CPU
		{8811CE44-0BAE-4352-B8B0-5DF18A548855}.Release|x64.ActiveCfg = Release|Any CPU
		{8811CE44-0BAE-4352-B8B0-5DF18A548855}.Release|x64.Build.0 = Release|Any CPU
		{8811CE44-0BAE-4352-B8B0-5DF18A548855}.Release|x86.ActiveCfg = Release|Any CPU
		{8811CE44-0BAE-4352-B8B0-5DF18A548855}.Release|x86.Build.0 = Release|Any CPU
		{CBCFDF94-D25A-45CA-816F-8EB100DD789D}.Debug|Any CPU.ActiveCfg = Debug|Any CPU
		{CBCFDF94-D25A-45CA-816F-8EB100DD789D}.Debug|Any CPU.Build.0 = Debug|Any CPU
		{CBCFDF94-D25A-45CA-816F-8EB100DD789D}.Debug|x64.ActiveCfg = Debug|Any CPU
		{CBCFDF94-D25A-45CA-816F-8EB100DD789D}.Debug|x64.Build.0 = Debug|Any CPU
		{CBCFDF94-D25A-45CA-816F-8EB100DD789D}.Debug|x86.ActiveCfg = Debug|Any CPU
		{CBCFDF94-D25A-45CA-816F-8EB100DD789D}.Debug|x86.Build.0 = Debug|Any CPU
		{CBCFDF94-D25A-45CA-816F-8EB100DD789D}.Release|Any CPU.ActiveCfg = Release|Any CPU
		{CBCFDF94-D25A-45CA-816F-8EB100DD789D}.Release|Any CPU.Build.0 = Release|Any CPU
		{CBCFDF94-D25A-45CA-816F-8EB100DD789D}.Release|x64.ActiveCfg = Release|Any CPU
		{CBCFDF94-D25A-45CA-816F-8EB100DD789D}.Release|x64.Build.0 = Release|Any CPU
		{CBCFDF94-D25A-45CA-816F-8EB100DD789D}.Release|x86.ActiveCfg = Release|Any CPU
		{CBCFDF94-D25A-45CA-816F-8EB100DD789D}.Release|x86.Build.0 = Release|Any CPU
		{B84A3525-F731-4DE6-9BA5-64BD8173E7BE}.Debug|Any CPU.ActiveCfg = Debug|Any CPU
		{B84A3525-F731-4DE6-9BA5-64BD8173E7BE}.Debug|Any CPU.Build.0 = Debug|Any CPU
		{B84A3525-F731-4DE6-9BA5-64BD8173E7BE}.Debug|x64.ActiveCfg = Debug|Any CPU
		{B84A3525-F731-4DE6-9BA5-64BD8173E7BE}.Debug|x64.Build.0 = Debug|Any CPU
		{B84A3525-F731-4DE6-9BA5-64BD8173E7BE}.Debug|x86.ActiveCfg = Debug|Any CPU
		{B84A3525-F731-4DE6-9BA5-64BD8173E7BE}.Debug|x86.Build.0 = Debug|Any CPU
		{B84A3525-F731-4DE6-9BA5-64BD8173E7BE}.Release|Any CPU.ActiveCfg = Release|Any CPU
		{B84A3525-F731-4DE6-9BA5-64BD8173E7BE}.Release|Any CPU.Build.0 = Release|Any CPU
		{B84A3525-F731-4DE6-9BA5-64BD8173E7BE}.Release|x64.ActiveCfg = Release|Any CPU
		{B84A3525-F731-4DE6-9BA5-64BD8173E7BE}.Release|x64.Build.0 = Release|Any CPU
		{B84A3525-F731-4DE6-9BA5-64BD8173E7BE}.Release|x86.ActiveCfg = Release|Any CPU
		{B84A3525-F731-4DE6-9BA5-64BD8173E7BE}.Release|x86.Build.0 = Release|Any CPU
		{459FD50C-18B0-4987-A6E8-2A36DA6E9E4C}.Debug|Any CPU.ActiveCfg = Debug|Any CPU
		{459FD50C-18B0-4987-A6E8-2A36DA6E9E4C}.Debug|Any CPU.Build.0 = Debug|Any CPU
		{459FD50C-18B0-4987-A6E8-2A36DA6E9E4C}.Debug|x64.ActiveCfg = Debug|Any CPU
		{459FD50C-18B0-4987-A6E8-2A36DA6E9E4C}.Debug|x64.Build.0 = Debug|Any CPU
		{459FD50C-18B0-4987-A6E8-2A36DA6E9E4C}.Debug|x86.ActiveCfg = Debug|Any CPU
		{459FD50C-18B0-4987-A6E8-2A36DA6E9E4C}.Debug|x86.Build.0 = Debug|Any CPU
		{459FD50C-18B0-4987-A6E8-2A36DA6E9E4C}.Release|Any CPU.ActiveCfg = Release|Any CPU
		{459FD50C-18B0-4987-A6E8-2A36DA6E9E4C}.Release|Any CPU.Build.0 = Release|Any CPU
		{459FD50C-18B0-4987-A6E8-2A36DA6E9E4C}.Release|x64.ActiveCfg = Release|Any CPU
		{459FD50C-18B0-4987-A6E8-2A36DA6E9E4C}.Release|x64.Build.0 = Release|Any CPU
		{459FD50C-18B0-4987-A6E8-2A36DA6E9E4C}.Release|x86.ActiveCfg = Release|Any CPU
		{459FD50C-18B0-4987-A6E8-2A36DA6E9E4C}.Release|x86.Build.0 = Release|Any CPU
		{CB8CEC67-75C9-4993-9997-DD187012620D}.Debug|Any CPU.ActiveCfg = Debug|Any CPU
		{CB8CEC67-75C9-4993-9997-DD187012620D}.Debug|Any CPU.Build.0 = Debug|Any CPU
		{CB8CEC67-75C9-4993-9997-DD187012620D}.Debug|x64.ActiveCfg = Debug|Any CPU
		{CB8CEC67-75C9-4993-9997-DD187012620D}.Debug|x64.Build.0 = Debug|Any CPU
		{CB8CEC67-75C9-4993-9997-DD187012620D}.Debug|x86.ActiveCfg = Debug|Any CPU
		{CB8CEC67-75C9-4993-9997-DD187012620D}.Debug|x86.Build.0 = Debug|Any CPU
		{CB8CEC67-75C9-4993-9997-DD187012620D}.Release|Any CPU.ActiveCfg = Release|Any CPU
		{CB8CEC67-75C9-4993-9997-DD187012620D}.Release|Any CPU.Build.0 = Release|Any CPU
		{CB8CEC67-75C9-4993-9997-DD187012620D}.Release|x64.ActiveCfg = Release|Any CPU
		{CB8CEC67-75C9-4993-9997-DD187012620D}.Release|x64.Build.0 = Release|Any CPU
		{CB8CEC67-75C9-4993-9997-DD187012620D}.Release|x86.ActiveCfg = Release|Any CPU
		{CB8CEC67-75C9-4993-9997-DD187012620D}.Release|x86.Build.0 = Release|Any CPU
		{C338AFFD-6F65-4C65-B69D-6235560EF69F}.Debug|Any CPU.ActiveCfg = Debug|Any CPU
		{C338AFFD-6F65-4C65-B69D-6235560EF69F}.Debug|Any CPU.Build.0 = Debug|Any CPU
		{C338AFFD-6F65-4C65-B69D-6235560EF69F}.Debug|x64.ActiveCfg = Debug|Any CPU
		{C338AFFD-6F65-4C65-B69D-6235560EF69F}.Debug|x64.Build.0 = Debug|Any CPU
		{C338AFFD-6F65-4C65-B69D-6235560EF69F}.Debug|x86.ActiveCfg = Debug|Any CPU
		{C338AFFD-6F65-4C65-B69D-6235560EF69F}.Debug|x86.Build.0 = Debug|Any CPU
		{C338AFFD-6F65-4C65-B69D-6235560EF69F}.Release|Any CPU.ActiveCfg = Release|Any CPU
		{C338AFFD-6F65-4C65-B69D-6235560EF69F}.Release|Any CPU.Build.0 = Release|Any CPU
		{C338AFFD-6F65-4C65-B69D-6235560EF69F}.Release|x64.ActiveCfg = Release|Any CPU
		{C338AFFD-6F65-4C65-B69D-6235560EF69F}.Release|x64.Build.0 = Release|Any CPU
		{C338AFFD-6F65-4C65-B69D-6235560EF69F}.Release|x86.ActiveCfg = Release|Any CPU
		{C338AFFD-6F65-4C65-B69D-6235560EF69F}.Release|x86.Build.0 = Release|Any CPU
		{672B6701-AD11-4B27-B816-D03ACCCD46E3}.Debug|Any CPU.ActiveCfg = Debug|Any CPU
		{672B6701-AD11-4B27-B816-D03ACCCD46E3}.Debug|Any CPU.Build.0 = Debug|Any CPU
		{672B6701-AD11-4B27-B816-D03ACCCD46E3}.Debug|x64.ActiveCfg = Debug|Any CPU
		{672B6701-AD11-4B27-B816-D03ACCCD46E3}.Debug|x64.Build.0 = Debug|Any CPU
		{672B6701-AD11-4B27-B816-D03ACCCD46E3}.Debug|x86.ActiveCfg = Debug|Any CPU
		{672B6701-AD11-4B27-B816-D03ACCCD46E3}.Debug|x86.Build.0 = Debug|Any CPU
		{672B6701-AD11-4B27-B816-D03ACCCD46E3}.Release|Any CPU.ActiveCfg = Release|Any CPU
		{672B6701-AD11-4B27-B816-D03ACCCD46E3}.Release|Any CPU.Build.0 = Release|Any CPU
		{672B6701-AD11-4B27-B816-D03ACCCD46E3}.Release|x64.ActiveCfg = Release|Any CPU
		{672B6701-AD11-4B27-B816-D03ACCCD46E3}.Release|x64.Build.0 = Release|Any CPU
		{672B6701-AD11-4B27-B816-D03ACCCD46E3}.Release|x86.ActiveCfg = Release|Any CPU
		{672B6701-AD11-4B27-B816-D03ACCCD46E3}.Release|x86.Build.0 = Release|Any CPU
		{A2C1E9B6-9E98-4689-ACD2-108BC85DE712}.Debug|Any CPU.ActiveCfg = Debug|Any CPU
		{A2C1E9B6-9E98-4689-ACD2-108BC85DE712}.Debug|Any CPU.Build.0 = Debug|Any CPU
		{A2C1E9B6-9E98-4689-ACD2-108BC85DE712}.Debug|x64.ActiveCfg = Debug|Any CPU
		{A2C1E9B6-9E98-4689-ACD2-108BC85DE712}.Debug|x64.Build.0 = Debug|Any CPU
		{A2C1E9B6-9E98-4689-ACD2-108BC85DE712}.Debug|x86.ActiveCfg = Debug|Any CPU
		{A2C1E9B6-9E98-4689-ACD2-108BC85DE712}.Debug|x86.Build.0 = Debug|Any CPU
		{A2C1E9B6-9E98-4689-ACD2-108BC85DE712}.Release|Any CPU.ActiveCfg = Release|Any CPU
		{A2C1E9B6-9E98-4689-ACD2-108BC85DE712}.Release|Any CPU.Build.0 = Release|Any CPU
		{A2C1E9B6-9E98-4689-ACD2-108BC85DE712}.Release|x64.ActiveCfg = Release|Any CPU
		{A2C1E9B6-9E98-4689-ACD2-108BC85DE712}.Release|x64.Build.0 = Release|Any CPU
		{A2C1E9B6-9E98-4689-ACD2-108BC85DE712}.Release|x86.ActiveCfg = Release|Any CPU
		{A2C1E9B6-9E98-4689-ACD2-108BC85DE712}.Release|x86.Build.0 = Release|Any CPU
	EndGlobalSection
EndGlobal
