
Microsoft Visual Studio Solution File, Format Version 12.00
# Visual Studio Version 16
VisualStudioVersion = 16.0.28801.201
MinimumVisualStudioVersion = 10.0.40219.1
Project("{9A19103F-16F7-4668-BE54-9A1E7A4F7556}") = "Startup", "Startup\Startup.csproj", "{756B0602-0D94-4EB7-A987-25BF1ED7B712}"
EndProject
Project("{9A19103F-16F7-4668-BE54-9A1E7A4F7556}") = "Util", "Util\Util.csproj", "{6B673656-6DE3-4971-A859-91AFDBFE5424}"
EndProject
Project("{9A19103F-16F7-4668-BE54-9A1E7A4F7556}") = "Reporting", "..\Reporting\Reporting\Reporting.csproj", "{1A871E0D-F5E0-4A61-B336-D7B080BC30A5}"
EndProject
Project("{FAE04EC0-301F-11D3-BF4B-00C04F79EFBC}") = "SizeOnDisk", "SizeOnDisk\SizeOnDisk.csproj", "{F915B017-D1D8-47EA-A51D-34B7A051E83F}"
EndProject
Project("{FAE04EC0-301F-11D3-BF4B-00C04F79EFBC}") = "Startup.Tests", "Startup.Tests\Startup.Tests.csproj", "{4905858E-0871-4DDD-B93F-490E106029B6}"
EndProject
Global
	GlobalSection(SolutionConfigurationPlatforms) = preSolution
		Debug|Any CPU = Debug|Any CPU
		Release|Any CPU = Release|Any CPU
	EndGlobalSection
	GlobalSection(ProjectConfigurationPlatforms) = postSolution
		{756B0602-0D94-4EB7-A987-25BF1ED7B712}.Debug|Any CPU.ActiveCfg = Debug|Any CPU
		{756B0602-0D94-4EB7-A987-25BF1ED7B712}.Debug|Any CPU.Build.0 = Debug|Any CPU
		{756B0602-0D94-4EB7-A987-25BF1ED7B712}.Release|Any CPU.ActiveCfg = Release|Any CPU
		{756B0602-0D94-4EB7-A987-25BF1ED7B712}.Release|Any CPU.Build.0 = Release|Any CPU
		{6B673656-6DE3-4971-A859-91AFDBFE5424}.Debug|Any CPU.ActiveCfg = Debug|Any CPU
		{6B673656-6DE3-4971-A859-91AFDBFE5424}.Debug|Any CPU.Build.0 = Debug|Any CPU
		{6B673656-6DE3-4971-A859-91AFDBFE5424}.Release|Any CPU.ActiveCfg = Release|Any CPU
		{6B673656-6DE3-4971-A859-91AFDBFE5424}.Release|Any CPU.Build.0 = Release|Any CPU
		{1A871E0D-F5E0-4A61-B336-D7B080BC30A5}.Debug|Any CPU.ActiveCfg = Debug|Any CPU
		{1A871E0D-F5E0-4A61-B336-D7B080BC30A5}.Debug|Any CPU.Build.0 = Debug|Any CPU
		{1A871E0D-F5E0-4A61-B336-D7B080BC30A5}.Release|Any CPU.ActiveCfg = Release|Any CPU
		{1A871E0D-F5E0-4A61-B336-D7B080BC30A5}.Release|Any CPU.Build.0 = Release|Any CPU
		{F915B017-D1D8-47EA-A51D-34B7A051E83F}.Debug|Any CPU.ActiveCfg = Debug|Any CPU
		{F915B017-D1D8-47EA-A51D-34B7A051E83F}.Debug|Any CPU.Build.0 = Debug|Any CPU
		{F915B017-D1D8-47EA-A51D-34B7A051E83F}.Release|Any CPU.ActiveCfg = Release|Any CPU
		{F915B017-D1D8-47EA-A51D-34B7A051E83F}.Release|Any CPU.Build.0 = Release|Any CPU
		{4905858E-0871-4DDD-B93F-490E106029B6}.Debug|Any CPU.ActiveCfg = Debug|Any CPU
		{4905858E-0871-4DDD-B93F-490E106029B6}.Debug|Any CPU.Build.0 = Debug|Any CPU
		{4905858E-0871-4DDD-B93F-490E106029B6}.Release|Any CPU.ActiveCfg = Release|Any CPU
		{4905858E-0871-4DDD-B93F-490E106029B6}.Release|Any CPU.Build.0 = Release|Any CPU
	EndGlobalSection
	GlobalSection(SolutionProperties) = preSolution
		HideSolutionNode = FALSE
	EndGlobalSection
	GlobalSection(ExtensibilityGlobals) = postSolution
		SolutionGuid = {7C86D749-5052-44A5-BBEC-DC01C3B6CD92}
	EndGlobalSection
EndGlobal
