
Microsoft Visual Studio Solution File, Format Version 12.00
# Visual Studio Version 17
VisualStudioVersion = 17.6.33829.357
MinimumVisualStudioVersion = 10.0.40219.1
Project("{FAE04EC0-301F-11D3-BF4B-00C04F79EFBC}") = "PerfLabGenericEventSourceForwarder", "PerfLabGenericEventSourceForwarder\PerfLabGenericEventSourceForwarder.csproj", "{44F83F40-759D-4330-89BC-83C888636CD1}"
EndProject
Global
	GlobalSection(SolutionConfigurationPlatforms) = preSolution
		Debug|Any CPU = Debug|Any CPU
		Release|Any CPU = Release|Any CPU
	EndGlobalSection
	GlobalSection(ProjectConfigurationPlatforms) = postSolution
		{44F83F40-759D-4330-89BC-83C888636CD1}.Debug|Any CPU.ActiveCfg = Debug|Any CPU
		{44F83F40-759D-4330-89BC-83C888636CD1}.Debug|Any CPU.Build.0 = Debug|Any CPU
		{44F83F40-759D-4330-89BC-83C888636CD1}.Release|Any CPU.ActiveCfg = Release|Any CPU
		{44F83F40-759D-4330-89BC-83C888636CD1}.Release|Any CPU.Build.0 = Release|Any CPU
	EndGlobalSection
	GlobalSection(SolutionProperties) = preSolution
		HideSolutionNode = FALSE
	EndGlobalSection
	GlobalSection(ExtensibilityGlobals) = postSolution
		SolutionGuid = {7A230F08-C4EF-421B-910C-D98752B34988}
	EndGlobalSection
EndGlobal
