
Microsoft Visual Studio Solution File, Format Version 12.00
# Visual Studio Version 17
VisualStudioVersion = 17.12.35514.174 d17.12
MinimumVisualStudioVersion = 10.0.40219.1
Project("{FAE04EC0-301F-11D3-BF4B-00C04F79EFBC}") = "CertHelper", "CertHelper.csproj", "{165A37BD-2E9E-4D0A-8402-BB58C29A0BF4}"
EndProject
Project("{FAE04EC0-301F-11D3-BF4B-00C04F79EFBC}") = "CertRotatorTests", "..\CertHelperTests\CertRotatorTests.csproj", "{AEA0F93B-EC9B-4438-991E-A80C0C82B3D1}"
EndProject
Global
	GlobalSection(SolutionConfigurationPlatforms) = preSolution
		Debug|Any CPU = Debug|Any CPU
		Release|Any CPU = Release|Any CPU
	EndGlobalSection
	GlobalSection(ProjectConfigurationPlatforms) = postSolution
		{165A37BD-2E9E-4D0A-8402-BB58C29A0BF4}.Debug|Any CPU.ActiveCfg = Debug|Any CPU
		{165A37BD-2E9E-4D0A-8402-BB58C29A0BF4}.Debug|Any CPU.Build.0 = Debug|Any CPU
		{165A37BD-2E9E-4D0A-8402-BB58C29A0BF4}.Release|Any CPU.ActiveCfg = Release|Any CPU
		{165A37BD-2E9E-4D0A-8402-BB58C29A0BF4}.Release|Any CPU.Build.0 = Release|Any CPU
		{AEA0F93B-EC9B-4438-991E-A80C0C82B3D1}.Debug|Any CPU.ActiveCfg = Debug|Any CPU
		{AEA0F93B-EC9B-4438-991E-A80C0C82B3D1}.Debug|Any CPU.Build.0 = Debug|Any CPU
		{AEA0F93B-EC9B-4438-991E-A80C0C82B3D1}.Release|Any CPU.ActiveCfg = Release|Any CPU
		{AEA0F93B-EC9B-4438-991E-A80C0C82B3D1}.Release|Any CPU.Build.0 = Release|Any CPU
	EndGlobalSection
	GlobalSection(SolutionProperties) = preSolution
		HideSolutionNode = FALSE
	EndGlobalSection
EndGlobal
