
Microsoft Visual Studio Solution File, Format Version 12.00
# Visual Studio Version 16
VisualStudioVersion = 16.0.30709.64
MinimumVisualStudioVersion = 15.0.26124.0
Project("{9A19103F-16F7-4668-BE54-9A1E7A4F7556}") = "Reporting", "Reporting\Reporting.csproj", "{5E576B00-C1AA-4AFD-8355-1F4BFA921A86}"
EndProject
Project("{9A19103F-16F7-4668-BE54-9A1E7A4F7556}") = "Reporting.Tests", "Reporting.Tests\Reporting.Tests.csproj", "{1EE524E6-11A6-4E00-9EBA-30A3D7CCE105}"
EndProject
Project("{FAE04EC0-301F-11D3-BF4B-00C04F79EFBC}") = "FailureReporting", "FailureReporting\FailureReporting.csproj", "{7A45F602-B773-4AC5-A4EC-0A1DCB8C1E8A}"
	ProjectSection(ProjectDependencies) = postProject
		{5E576B00-C1AA-4AFD-8355-1F4BFA921A86} = {5E576B00-C1AA-4AFD-8355-1F4BFA921A86}
	EndProjectSection
EndProject
Global
	GlobalSection(SolutionConfigurationPlatforms) = preSolution
		Debug|Any CPU = Debug|Any CPU
		Debug|x64 = Debug|x64
		Debug|x86 = Debug|x86
		Release|Any CPU = Release|Any CPU
		Release|x64 = Release|x64
		Release|x86 = Release|x86
	EndGlobalSection
	GlobalSection(ProjectConfigurationPlatforms) = postSolution
		{5E576B00-C1AA-4AFD-8355-1F4BFA921A86}.Debug|Any CPU.ActiveCfg = Debug|Any CPU
		{5E576B00-C1AA-4AFD-8355-1F4BFA921A86}.Debug|Any CPU.Build.0 = Debug|Any CPU
		{5E576B00-C1AA-4AFD-8355-1F4BFA921A86}.Debug|x64.ActiveCfg = Debug|Any CPU
		{5E576B00-C1AA-4AFD-8355-1F4BFA921A86}.Debug|x64.Build.0 = Debug|Any CPU
		{5E576B00-C1AA-4AFD-8355-1F4BFA921A86}.Debug|x86.ActiveCfg = Debug|Any CPU
		{5E576B00-C1AA-4AFD-8355-1F4BFA921A86}.Debug|x86.Build.0 = Debug|Any CPU
		{5E576B00-C1AA-4AFD-8355-1F4BFA921A86}.Release|Any CPU.ActiveCfg = Release|Any CPU
		{5E576B00-C1AA-4AFD-8355-1F4BFA921A86}.Release|Any CPU.Build.0 = Release|Any CPU
		{5E576B00-C1AA-4AFD-8355-1F4BFA921A86}.Release|x64.ActiveCfg = Release|Any CPU
		{5E576B00-C1AA-4AFD-8355-1F4BFA921A86}.Release|x64.Build.0 = Release|Any CPU
		{5E576B00-C1AA-4AFD-8355-1F4BFA921A86}.Release|x86.ActiveCfg = Release|Any CPU
		{5E576B00-C1AA-4AFD-8355-1F4BFA921A86}.Release|x86.Build.0 = Release|Any CPU
		{1EE524E6-11A6-4E00-9EBA-30A3D7CCE105}.Debug|Any CPU.ActiveCfg = Debug|Any CPU
		{1EE524E6-11A6-4E00-9EBA-30A3D7CCE105}.Debug|Any CPU.Build.0 = Debug|Any CPU
		{1EE524E6-11A6-4E00-9EBA-30A3D7CCE105}.Debug|x64.ActiveCfg = Debug|Any CPU
		{1EE524E6-11A6-4E00-9EBA-30A3D7CCE105}.Debug|x64.Build.0 = Debug|Any CPU
		{1EE524E6-11A6-4E00-9EBA-30A3D7CCE105}.Debug|x86.ActiveCfg = Debug|Any CPU
		{1EE524E6-11A6-4E00-9EBA-30A3D7CCE105}.Debug|x86.Build.0 = Debug|Any CPU
		{1EE524E6-11A6-4E00-9EBA-30A3D7CCE105}.Release|Any CPU.ActiveCfg = Release|Any CPU
		{1EE524E6-11A6-4E00-9EBA-30A3D7CCE105}.Release|Any CPU.Build.0 = Release|Any CPU
		{1EE524E6-11A6-4E00-9EBA-30A3D7CCE105}.Release|x64.ActiveCfg = Release|Any CPU
		{1EE524E6-11A6-4E00-9EBA-30A3D7CCE105}.Release|x64.Build.0 = Release|Any CPU
		{1EE524E6-11A6-4E00-9EBA-30A3D7CCE105}.Release|x86.ActiveCfg = Release|Any CPU
		{1EE524E6-11A6-4E00-9EBA-30A3D7CCE105}.Release|x86.Build.0 = Release|Any CPU
		{7A45F602-B773-4AC5-A4EC-0A1DCB8C1E8A}.Debug|Any CPU.ActiveCfg = Debug|Any CPU
		{7A45F602-B773-4AC5-A4EC-0A1DCB8C1E8A}.Debug|Any CPU.Build.0 = Debug|Any CPU
		{7A45F602-B773-4AC5-A4EC-0A1DCB8C1E8A}.Debug|x64.ActiveCfg = Debug|Any CPU
		{7A45F602-B773-4AC5-A4EC-0A1DCB8C1E8A}.Debug|x64.Build.0 = Debug|Any CPU
		{7A45F602-B773-4AC5-A4EC-0A1DCB8C1E8A}.Debug|x86.ActiveCfg = Debug|Any CPU
		{7A45F602-B773-4AC5-A4EC-0A1DCB8C1E8A}.Debug|x86.Build.0 = Debug|Any CPU
		{7A45F602-B773-4AC5-A4EC-0A1DCB8C1E8A}.Release|Any CPU.ActiveCfg = Release|Any CPU
		{7A45F602-B773-4AC5-A4EC-0A1DCB8C1E8A}.Release|Any CPU.Build.0 = Release|Any CPU
		{7A45F602-B773-4AC5-A4EC-0A1DCB8C1E8A}.Release|x64.ActiveCfg = Release|Any CPU
		{7A45F602-B773-4AC5-A4EC-0A1DCB8C1E8A}.Release|x64.Build.0 = Release|Any CPU
		{7A45F602-B773-4AC5-A4EC-0A1DCB8C1E8A}.Release|x86.ActiveCfg = Release|Any CPU
		{7A45F602-B773-4AC5-A4EC-0A1DCB8C1E8A}.Release|x86.Build.0 = Release|Any CPU
	EndGlobalSection
	GlobalSection(SolutionProperties) = preSolution
		HideSolutionNode = FALSE
	EndGlobalSection
	GlobalSection(ExtensibilityGlobals) = postSolution
		SolutionGuid = {EED9ED01-07C7-4BF6-B17C-E6FF07EB894A}
	EndGlobalSection
EndGlobal
